
Microsoft Visual Studio Solution File, Format Version 12.00
# Visual Studio Version 17
VisualStudioVersion = 17.8.34525.116
MinimumVisualStudioVersion = 10.0.40219.1
Project("{FAE04EC0-301F-11D3-BF4B-00C04F79EFBC}") = "ConsoleAppMatricula", "ConsoleAppMatricula\ConsoleAppMatricula.csproj", "{0C240D5F-DB43-4172-A7EC-288B125E11BC}"
EndProject
Global
	GlobalSection(SolutionConfigurationPlatforms) = preSolution
		Debug|Any CPU = Debug|Any CPU
		Release|Any CPU = Release|Any CPU
	EndGlobalSection
	GlobalSection(ProjectConfigurationPlatforms) = postSolution
		{0C240D5F-DB43-4172-A7EC-288B125E11BC}.Debug|Any CPU.ActiveCfg = Debug|Any CPU
		{0C240D5F-DB43-4172-A7EC-288B125E11BC}.Debug|Any CPU.Build.0 = Debug|Any CPU
		{0C240D5F-DB43-4172-A7EC-288B125E11BC}.Release|Any CPU.ActiveCfg = Release|Any CPU
		{0C240D5F-DB43-4172-A7EC-288B125E11BC}.Release|Any CPU.Build.0 = Release|Any CPU
	EndGlobalSection
	GlobalSection(SolutionProperties) = preSolution
		HideSolutionNode = FALSE
	EndGlobalSection
	GlobalSection(ExtensibilityGlobals) = postSolution
		SolutionGuid = {436B538E-EE4A-488C-8F5F-6996BA989BD0}
	EndGlobalSection
EndGlobal
